// !$*UTF8*$!
{
	archiveVersion = 1;
	classes = {
	};
	objectVersion = 55;
	objects = {

/* Begin PBXBuildFile section */
		6DE0B7AB2774420000F38C4B /* AppIconDemoApp.swift in Sources */ = {isa = PBXBuildFile; fileRef = 6DE0B7AA2774420000F38C4B /* AppIconDemoApp.swift */; };
		6DE0B7AD2774420000F38C4B /* ContentView.swift in Sources */ = {isa = PBXBuildFile; fileRef = 6DE0B7AC2774420000F38C4B /* ContentView.swift */; };
		6DE0B7AF2774420000F38C4B /* Assets.xcassets in Resources */ = {isa = PBXBuildFile; fileRef = 6DE0B7AE2774420000F38C4B /* Assets.xcassets */; };
		6DE0B7B22774420000F38C4B /* Preview Assets.xcassets in Resources */ = {isa = PBXBuildFile; fileRef = 6DE0B7B12774420000F38C4B /* Preview Assets.xcassets */; };
		6DE0B7BC2774420000F38C4B /* AppIconDemoTests.swift in Sources */ = {isa = PBXBuildFile; fileRef = 6DE0B7BB2774420000F38C4B /* AppIconDemoTests.swift */; };
		6DE0B7C62774420000F38C4B /* AppIconDemoUITests.swift in Sources */ = {isa = PBXBuildFile; fileRef = 6DE0B7C52774420000F38C4B /* AppIconDemoUITests.swift */; };
		6DE0B7C82774420000F38C4B /* AppIconDemoUITestsLaunchTests.swift in Sources */ = {isa = PBXBuildFile; fileRef = 6DE0B7C72774420000F38C4B /* AppIconDemoUITestsLaunchTests.swift */; };
/* End PBXBuildFile section */

/* Begin PBXContainerItemProxy section */
		6DE0B7B82774420000F38C4B /* PBXContainerItemProxy */ = {
			isa = PBXContainerItemProxy;
			containerPortal = 6DE0B79F2774420000F38C4B /* Project object */;
			proxyType = 1;
			remoteGlobalIDString = 6DE0B7A62774420000F38C4B;
			remoteInfo = AppIconDemo;
		};
		6DE0B7C22774420000F38C4B /* PBXContainerItemProxy */ = {
			isa = PBXContainerItemProxy;
			containerPortal = 6DE0B79F2774420000F38C4B /* Project object */;
			proxyType = 1;
			remoteGlobalIDString = 6DE0B7A62774420000F38C4B;
			remoteInfo = AppIconDemo;
		};
/* End PBXContainerItemProxy section */

/* Begin PBXFileReference section */
		6DE0B7A72774420000F38C4B /* AppIconDemo.app */ = {isa = PBXFileReference; explicitFileType = wrapper.application; includeInIndex = 0; path = AppIconDemo.app; sourceTree = BUILT_PRODUCTS_DIR; };
		6DE0B7AA2774420000F38C4B /* AppIconDemoApp.swift */ = {isa = PBXFileReference; lastKnownFileType = sourcecode.swift; path = AppIconDemoApp.swift; sourceTree = "<group>"; };
		6DE0B7AC2774420000F38C4B /* ContentView.swift */ = {isa = PBXFileReference; lastKnownFileType = sourcecode.swift; path = ContentView.swift; sourceTree = "<group>"; };
		6DE0B7AE2774420000F38C4B /* Assets.xcassets */ = {isa = PBXFileReference; lastKnownFileType = folder.assetcatalog; path = Assets.xcassets; sourceTree = "<group>"; };
		6DE0B7B12774420000F38C4B /* Preview Assets.xcassets */ = {isa = PBXFileReference; lastKnownFileType = folder.assetcatalog; path = "Preview Assets.xcassets"; sourceTree = "<group>"; };
		6DE0B7B72774420000F38C4B /* AppIconDemoTests.xctest */ = {isa = PBXFileReference; explicitFileType = wrapper.cfbundle; includeInIndex = 0; path = AppIconDemoTests.xctest; sourceTree = BUILT_PRODUCTS_DIR; };
		6DE0B7BB2774420000F38C4B /* AppIconDemoTests.swift */ = {isa = PBXFileReference; lastKnownFileType = sourcecode.swift; path = AppIconDemoTests.swift; sourceTree = "<group>"; };
		6DE0B7C12774420000F38C4B /* AppIconDemoUITests.xctest */ = {isa = PBXFileReference; explicitFileType = wrapper.cfbundle; includeInIndex = 0; path = AppIconDemoUITests.xctest; sourceTree = BUILT_PRODUCTS_DIR; };
		6DE0B7C52774420000F38C4B /* AppIconDemoUITests.swift */ = {isa = PBXFileReference; lastKnownFileType = sourcecode.swift; path = AppIconDemoUITests.swift; sourceTree = "<group>"; };
		6DE0B7C72774420000F38C4B /* AppIconDemoUITestsLaunchTests.swift */ = {isa = PBXFileReference; lastKnownFileType = sourcecode.swift; path = AppIconDemoUITestsLaunchTests.swift; sourceTree = "<group>"; };
/* End PBXFileReference section */

/* Begin PBXFrameworksBuildPhase section */
		6DE0B7A42774420000F38C4B /* Frameworks */ = {
			isa = PBXFrameworksBuildPhase;
			buildActionMask = 2147483647;
			files = (
			);
			runOnlyForDeploymentPostprocessing = 0;
		};
		6DE0B7B42774420000F38C4B /* Frameworks */ = {
			isa = PBXFrameworksBuildPhase;
			buildActionMask = 2147483647;
			files = (
			);
			runOnlyForDeploymentPostprocessing = 0;
		};
		6DE0B7BE2774420000F38C4B /* Frameworks */ = {
			isa = PBXFrameworksBuildPhase;
			buildActionMask = 2147483647;
			files = (
			);
			runOnlyForDeploymentPostprocessing = 0;
		};
/* End PBXFrameworksBuildPhase section */

/* Begin PBXGroup section */
		6DE0B79E2774420000F38C4B = {
			isa = PBXGroup;
			children = (
				6DE0B7A92774420000F38C4B /* AppIconDemo */,
				6DE0B7BA2774420000F38C4B /* AppIconDemoTests */,
				6DE0B7C42774420000F38C4B /* AppIconDemoUITests */,
				6DE0B7A82774420000F38C4B /* Products */,
			);
			sourceTree = "<group>";
		};
		6DE0B7A82774420000F38C4B /* Products */ = {
			isa = PBXGroup;
			children = (
				6DE0B7A72774420000F38C4B /* AppIconDemo.app */,
				6DE0B7B72774420000F38C4B /* AppIconDemoTests.xctest */,
				6DE0B7C12774420000F38C4B /* AppIconDemoUITests.xctest */,
			);
			name = Products;
			sourceTree = "<group>";
		};
		6DE0B7A92774420000F38C4B /* AppIconDemo */ = {
			isa = PBXGroup;
			children = (
				6DE0B7AA2774420000F38C4B /* AppIconDemoApp.swift */,
				6DE0B7AC2774420000F38C4B /* ContentView.swift */,
				6DE0B7AE2774420000F38C4B /* Assets.xcassets */,
				6DE0B7B02774420000F38C4B /* Preview Content */,
			);
			path = AppIconDemo;
			sourceTree = "<group>";
		};
		6DE0B7B02774420000F38C4B /* Preview Content */ = {
			isa = PBXGroup;
			children = (
				6DE0B7B12774420000F38C4B /* Preview Assets.xcassets */,
			);
			path = "Preview Content";
			sourceTree = "<group>";
		};
		6DE0B7BA2774420000F38C4B /* AppIconDemoTests */ = {
			isa = PBXGroup;
			children = (
				6DE0B7BB2774420000F38C4B /* AppIconDemoTests.swift */,
			);
			path = AppIconDemoTests;
			sourceTree = "<group>";
		};
		6DE0B7C42774420000F38C4B /* AppIconDemoUITests */ = {
			isa = PBXGroup;
			children = (
				6DE0B7C52774420000F38C4B /* AppIconDemoUITests.swift */,
				6DE0B7C72774420000F38C4B /* AppIconDemoUITestsLaunchTests.swift */,
			);
			path = AppIconDemoUITests;
			sourceTree = "<group>";
		};
/* End PBXGroup section */

/* Begin PBXNativeTarget section */
		6DE0B7A62774420000F38C4B /* AppIconDemo */ = {
			isa = PBXNativeTarget;
			buildConfigurationList = 6DE0B7CB2774420000F38C4B /* Build configuration list for PBXNativeTarget "AppIconDemo" */;
			buildPhases = (
				6DE0B7A32774420000F38C4B /* Sources */,
				6DE0B7A42774420000F38C4B /* Frameworks */,
				6DE0B7A52774420000F38C4B /* Resources */,
			);
			buildRules = (
			);
			dependencies = (
			);
			name = AppIconDemo;
			productName = AppIconDemo;
			productReference = 6DE0B7A72774420000F38C4B /* AppIconDemo.app */;
			productType = "com.apple.product-type.application";
		};
		6DE0B7B62774420000F38C4B /* AppIconDemoTests */ = {
			isa = PBXNativeTarget;
			buildConfigurationList = 6DE0B7CE2774420000F38C4B /* Build configuration list for PBXNativeTarget "AppIconDemoTests" */;
			buildPhases = (
				6DE0B7B32774420000F38C4B /* Sources */,
				6DE0B7B42774420000F38C4B /* Frameworks */,
				6DE0B7B52774420000F38C4B /* Resources */,
			);
			buildRules = (
			);
			dependencies = (
				6DE0B7B92774420000F38C4B /* PBXTargetDependency */,
			);
			name = AppIconDemoTests;
			productName = AppIconDemoTests;
			productReference = 6DE0B7B72774420000F38C4B /* AppIconDemoTests.xctest */;
			productType = "com.apple.product-type.bundle.unit-test";
		};
		6DE0B7C02774420000F38C4B /* AppIconDemoUITests */ = {
			isa = PBXNativeTarget;
			buildConfigurationList = 6DE0B7D12774420000F38C4B /* Build configuration list for PBXNativeTarget "AppIconDemoUITests" */;
			buildPhases = (
				6DE0B7BD2774420000F38C4B /* Sources */,
				6DE0B7BE2774420000F38C4B /* Frameworks */,
				6DE0B7BF2774420000F38C4B /* Resources */,
			);
			buildRules = (
			);
			dependencies = (
				6DE0B7C32774420000F38C4B /* PBXTargetDependency */,
			);
			name = AppIconDemoUITests;
			productName = AppIconDemoUITests;
			productReference = 6DE0B7C12774420000F38C4B /* AppIconDemoUITests.xctest */;
			productType = "com.apple.product-type.bundle.ui-testing";
		};
/* End PBXNativeTarget section */

/* Begin PBXProject section */
		6DE0B79F2774420000F38C4B /* Project object */ = {
			isa = PBXProject;
			attributes = {
				BuildIndependentTargetsInParallel = 1;
				LastSwiftUpdateCheck = 1320;
				LastUpgradeCheck = 1320;
				TargetAttributes = {
					6DE0B7A62774420000F38C4B = {
						CreatedOnToolsVersion = 13.2.1;
					};
					6DE0B7B62774420000F38C4B = {
						CreatedOnToolsVersion = 13.2.1;
						TestTargetID = 6DE0B7A62774420000F38C4B;
					};
					6DE0B7C02774420000F38C4B = {
						CreatedOnToolsVersion = 13.2.1;
						TestTargetID = 6DE0B7A62774420000F38C4B;
					};
				};
			};
			buildConfigurationList = 6DE0B7A22774420000F38C4B /* Build configuration list for PBXProject "AppIconDemo" */;
			compatibilityVersion = "Xcode 13.0";
			developmentRegion = en;
			hasScannedForEncodings = 0;
			knownRegions = (
				en,
				Base,
			);
			mainGroup = 6DE0B79E2774420000F38C4B;
			productRefGroup = 6DE0B7A82774420000F38C4B /* Products */;
			projectDirPath = "";
			projectRoot = "";
			targets = (
				6DE0B7A62774420000F38C4B /* AppIconDemo */,
				6DE0B7B62774420000F38C4B /* AppIconDemoTests */,
				6DE0B7C02774420000F38C4B /* AppIconDemoUITests */,
			);
		};
/* End PBXProject section */

/* Begin PBXResourcesBuildPhase section */
		6DE0B7A52774420000F38C4B /* Resources */ = {
			isa = PBXResourcesBuildPhase;
			buildActionMask = 2147483647;
			files = (
				6DE0B7B22774420000F38C4B /* Preview Assets.xcassets in Resources */,
				6DE0B7AF2774420000F38C4B /* Assets.xcassets in Resources */,
			);
			runOnlyForDeploymentPostprocessing = 0;
		};
		6DE0B7B52774420000F38C4B /* Resources */ = {
			isa = PBXResourcesBuildPhase;
			buildActionMask = 2147483647;
			files = (
			);
			runOnlyForDeploymentPostprocessing = 0;
		};
		6DE0B7BF2774420000F38C4B /* Resources */ = {
			isa = PBXResourcesBuildPhase;
			buildActionMask = 2147483647;
			files = (
			);
			runOnlyForDeploymentPostprocessing = 0;
		};
/* End PBXResourcesBuildPhase section */

/* Begin PBXSourcesBuildPhase section */
		6DE0B7A32774420000F38C4B /* Sources */ = {
			isa = PBXSourcesBuildPhase;
			buildActionMask = 2147483647;
			files = (
				6DE0B7AD2774420000F38C4B /* ContentView.swift in Sources */,
				6DE0B7AB2774420000F38C4B /* AppIconDemoApp.swift in Sources */,
			);
			runOnlyForDeploymentPostprocessing = 0;
		};
		6DE0B7B32774420000F38C4B /* Sources */ = {
			isa = PBXSourcesBuildPhase;
			buildActionMask = 2147483647;
			files = (
				6DE0B7BC2774420000F38C4B /* AppIconDemoTests.swift in Sources */,
			);
			runOnlyForDeploymentPostprocessing = 0;
		};
		6DE0B7BD2774420000F38C4B /* Sources */ = {
			isa = PBXSourcesBuildPhase;
			buildActionMask = 2147483647;
			files = (
				6DE0B7C82774420000F38C4B /* AppIconDemoUITestsLaunchTests.swift in Sources */,
				6DE0B7C62774420000F38C4B /* AppIconDemoUITests.swift in Sources */,
			);
			runOnlyForDeploymentPostprocessing = 0;
		};
/* End PBXSourcesBuildPhase section */

/* Begin PBXTargetDependency section */
		6DE0B7B92774420000F38C4B /* PBXTargetDependency */ = {
			isa = PBXTargetDependency;
			target = 6DE0B7A62774420000F38C4B /* AppIconDemo */;
			targetProxy = 6DE0B7B82774420000F38C4B /* PBXContainerItemProxy */;
		};
		6DE0B7C32774420000F38C4B /* PBXTargetDependency */ = {
			isa = PBXTargetDependency;
			target = 6DE0B7A62774420000F38C4B /* AppIconDemo */;
			targetProxy = 6DE0B7C22774420000F38C4B /* PBXContainerItemProxy */;
		};
/* End PBXTargetDependency section */

/* Begin XCBuildConfiguration section */
		6DE0B7C92774420000F38C4B /* Debug */ = {
			isa = XCBuildConfiguration;
			buildSettings = {
				ALWAYS_SEARCH_USER_PATHS = NO;
				CLANG_ANALYZER_NONNULL = YES;
				CLANG_ANALYZER_NUMBER_OBJECT_CONVERSION = YES_AGGRESSIVE;
				CLANG_CXX_LANGUAGE_STANDARD = "gnu++17";
				CLANG_CXX_LIBRARY = "libc++";
				CLANG_ENABLE_MODULES = YES;
				CLANG_ENABLE_OBJC_ARC = YES;
				CLANG_ENABLE_OBJC_WEAK = YES;
				CLANG_WARN_BLOCK_CAPTURE_AUTORELEASING = YES;
				CLANG_WARN_BOOL_CONVERSION = YES;
				CLANG_WARN_COMMA = YES;
				CLANG_WARN_CONSTANT_CONVERSION = YES;
				CLANG_WARN_DEPRECATED_OBJC_IMPLEMENTATIONS = YES;
				CLANG_WARN_DIRECT_OBJC_ISA_USAGE = YES_ERROR;
				CLANG_WARN_DOCUMENTATION_COMMENTS = YES;
				CLANG_WARN_EMPTY_BODY = YES;
				CLANG_WARN_ENUM_CONVERSION = YES;
				CLANG_WARN_INFINITE_RECURSION = YES;
				CLANG_WARN_INT_CONVERSION = YES;
				CLANG_WARN_NON_LITERAL_NULL_CONVERSION = YES;
				CLANG_WARN_OBJC_IMPLICIT_RETAIN_SELF = YES;
				CLANG_WARN_OBJC_LITERAL_CONVERSION = YES;
				CLANG_WARN_OBJC_ROOT_CLASS = YES_ERROR;
				CLANG_WARN_QUOTED_INCLUDE_IN_FRAMEWORK_HEADER = YES;
				CLANG_WARN_RANGE_LOOP_ANALYSIS = YES;
				CLANG_WARN_STRICT_PROTOTYPES = YES;
				CLANG_WARN_SUSPICIOUS_MOVE = YES;
				CLANG_WARN_UNGUARDED_AVAILABILITY = YES_AGGRESSIVE;
				CLANG_WARN_UNREACHABLE_CODE = YES;
				CLANG_WARN__DUPLICATE_METHOD_MATCH = YES;
				COPY_PHASE_STRIP = NO;
				DEBUG_INFORMATION_FORMAT = dwarf;
				ENABLE_STRICT_OBJC_MSGSEND = YES;
				ENABLE_TESTABILITY = YES;
				GCC_C_LANGUAGE_STANDARD = gnu11;
				GCC_DYNAMIC_NO_PIC = NO;
				GCC_NO_COMMON_BLOCKS = YES;
				GCC_OPTIMIZATION_LEVEL = 0;
				GCC_PREPROCESSOR_DEFINITIONS = (
					"DEBUG=1",
					"$(inherited)",
				);
				GCC_WARN_64_TO_32_BIT_CONVERSION = YES;
				GCC_WARN_ABOUT_RETURN_TYPE = YES_ERROR;
				GCC_WARN_UNDECLARED_SELECTOR = YES;
				GCC_WARN_UNINITIALIZED_AUTOS = YES_AGGRESSIVE;
				GCC_WARN_UNUSED_FUNCTION = YES;
				GCC_WARN_UNUSED_VARIABLE = YES;
				IPHONEOS_DEPLOYMENT_TARGET = 15.0;
				MTL_ENABLE_DEBUG_INFO = INCLUDE_SOURCE;
				MTL_FAST_MATH = YES;
				ONLY_ACTIVE_ARCH = YES;
				SDKROOT = iphoneos;
				SWIFT_ACTIVE_COMPILATION_CONDITIONS = DEBUG;
				SWIFT_OPTIMIZATION_LEVEL = "-Onone";
			};
			name = Debug;
		};
		6DE0B7CA2774420000F38C4B /* Release */ = {
			isa = XCBuildConfiguration;
			buildSettings = {
				ALWAYS_SEARCH_USER_PATHS = NO;
				CLANG_ANALYZER_NONNULL = YES;
				CLANG_ANALYZER_NUMBER_OBJECT_CONVERSION = YES_AGGRESSIVE;
				CLANG_CXX_LANGUAGE_STANDARD = "gnu++17";
				CLANG_CXX_LIBRARY = "libc++";
				CLANG_ENABLE_MODULES = YES;
				CLANG_ENABLE_OBJC_ARC = YES;
				CLANG_ENABLE_OBJC_WEAK = YES;
				CLANG_WARN_BLOCK_CAPTURE_AUTORELEASING = YES;
				CLANG_WARN_BOOL_CONVERSION = YES;
				CLANG_WARN_COMMA = YES;
				CLANG_WARN_CONSTANT_CONVERSION = YES;
				CLANG_WARN_DEPRECATED_OBJC_IMPLEMENTATIONS = YES;
				CLANG_WARN_DIRECT_OBJC_ISA_USAGE = YES_ERROR;
				CLANG_WARN_DOCUMENTATION_COMMENTS = YES;
				CLANG_WARN_EMPTY_BODY = YES;
				CLANG_WARN_ENUM_CONVERSION = YES;
				CLANG_WARN_INFINITE_RECURSION = YES;
				CLANG_WARN_INT_CONVERSION = YES;
				CLANG_WARN_NON_LITERAL_NULL_CONVERSION = YES;
				CLANG_WARN_OBJC_IMPLICIT_RETAIN_SELF = YES;
				CLANG_WARN_OBJC_LITERAL_CONVERSION = YES;
				CLANG_WARN_OBJC_ROOT_CLASS = YES_ERROR;
				CLANG_WARN_QUOTED_INCLUDE_IN_FRAMEWORK_HEADER = YES;
				CLANG_WARN_RANGE_LOOP_ANALYSIS = YES;
				CLANG_WARN_STRICT_PROTOTYPES = YES;
				CLANG_WARN_SUSPICIOUS_MOVE = YES;
				CLANG_WARN_UNGUARDED_AVAILABILITY = YES_AGGRESSIVE;
				CLANG_WARN_UNREACHABLE_CODE = YES;
				CLANG_WARN__DUPLICATE_METHOD_MATCH = YES;
				COPY_PHASE_STRIP = NO;
				DEBUG_INFORMATION_FORMAT = "dwarf-with-dsym";
				ENABLE_NS_ASSERTIONS = NO;
				ENABLE_STRICT_OBJC_MSGSEND = YES;
				GCC_C_LANGUAGE_STANDARD = gnu11;
				GCC_NO_COMMON_BLOCKS = YES;
				GCC_WARN_64_TO_32_BIT_CONVERSION = YES;
				GCC_WARN_ABOUT_RETURN_TYPE = YES_ERROR;
				GCC_WARN_UNDECLARED_SELECTOR = YES;
				GCC_WARN_UNINITIALIZED_AUTOS = YES_AGGRESSIVE;
				GCC_WARN_UNUSED_FUNCTION = YES;
				GCC_WARN_UNUSED_VARIABLE = YES;
				IPHONEOS_DEPLOYMENT_TARGET = 15.0;
				MTL_ENABLE_DEBUG_INFO = NO;
				MTL_FAST_MATH = YES;
				SDKROOT = iphoneos;
				SWIFT_COMPILATION_MODE = wholemodule;
				SWIFT_OPTIMIZATION_LEVEL = "-O";
				VALIDATE_PRODUCT = YES;
			};
			name = Release;
		};
		6DE0B7CC2774420000F38C4B /* Debug */ = {
			isa = XCBuildConfiguration;
			buildSettings = {
				ASSETCATALOG_COMPILER_GLOBAL_ACCENT_COLOR_NAME = AccentColor;
				ASSETCATALOG_COMPILER_INCLUDE_ALL_APPICON_ASSETS = YES;
				CODE_SIGN_IDENTITY = "Apple Development";
				CODE_SIGN_STYLE = Automatic;
				CURRENT_PROJECT_VERSION = 1;
				DEVELOPMENT_ASSET_PATHS = "\"AppIconDemo/Preview Content\"";
				DEVELOPMENT_TEAM = "";
				ENABLE_PREVIEWS = YES;
				GENERATE_INFOPLIST_FILE = YES;
				INFOPLIST_KEY_UIApplicationSceneManifest_Generation = YES;
				INFOPLIST_KEY_UIApplicationSupportsIndirectInputEvents = YES;
				INFOPLIST_KEY_UILaunchScreen_Generation = YES;
				INFOPLIST_KEY_UISupportedInterfaceOrientations_iPad = "UIInterfaceOrientationPortrait UIInterfaceOrientationPortraitUpsideDown UIInterfaceOrientationLandscapeLeft UIInterfaceOrientationLandscapeRight";
				INFOPLIST_KEY_UISupportedInterfaceOrientations_iPhone = "UIInterfaceOrientationPortrait UIInterfaceOrientationLandscapeLeft UIInterfaceOrientationLandscapeRight";
				LD_RUNPATH_SEARCH_PATHS = (
					"$(inherited)",
					"@executable_path/Frameworks",
				);
				MARKETING_VERSION = 1.0;
				PRODUCT_BUNDLE_IDENTIFIER = "com.app.AppIconDemo-SwiftUI";
				PRODUCT_NAME = "$(TARGET_NAME)";
				PROVISIONING_PROFILE_SPECIFIER = "";
				SWIFT_EMIT_LOC_STRINGS = YES;
				SWIFT_VERSION = 5.0;
				TARGETED_DEVICE_FAMILY = "1,2";
			};
			name = Debug;
		};
		6DE0B7CD2774420000F38C4B /* Release */ = {
			isa = XCBuildConfiguration;
			buildSettings = {
				ASSETCATALOG_COMPILER_GLOBAL_ACCENT_COLOR_NAME = AccentColor;
				ASSETCATALOG_COMPILER_INCLUDE_ALL_APPICON_ASSETS = YES;
				CODE_SIGN_IDENTITY = "Apple Development";
				CODE_SIGN_STYLE = Automatic;
				CURRENT_PROJECT_VERSION = 1;
				DEVELOPMENT_ASSET_PATHS = "\"AppIconDemo/Preview Content\"";
				DEVELOPMENT_TEAM = "";
				ENABLE_PREVIEWS = YES;
				GENERATE_INFOPLIST_FILE = YES;
				INFOPLIST_KEY_UIApplicationSceneManifest_Generation = YES;
				INFOPLIST_KEY_UIApplicationSupportsIndirectInputEvents = YES;
				INFOPLIST_KEY_UILaunchScreen_Generation = YES;
				INFOPLIST_KEY_UISupportedInterfaceOrientations_iPad = "UIInterfaceOrientationPortrait UIInterfaceOrientationPortraitUpsideDown UIInterfaceOrientationLandscapeLeft UIInterfaceOrientationLandscapeRight";
				INFOPLIST_KEY_UISupportedInterfaceOrientations_iPhone = "UIInterfaceOrientationPortrait UIInterfaceOrientationLandscapeLeft UIInterfaceOrientationLandscapeRight";
				LD_RUNPATH_SEARCH_PATHS = (
					"$(inherited)",
					"@executable_path/Frameworks",
				);
				MARKETING_VERSION = 1.0;
				PRODUCT_BUNDLE_IDENTIFIER = "com.app.AppIconDemo-SwiftUI";
				PRODUCT_NAME = "$(TARGET_NAME)";
				PROVISIONING_PROFILE_SPECIFIER = "";
				SWIFT_EMIT_LOC_STRINGS = YES;
				SWIFT_VERSION = 5.0;
				TARGETED_DEVICE_FAMILY = "1,2";
			};
			name = Release;
		};
		6DE0B7CF2774420000F38C4B /* Debug */ = {
			isa = XCBuildConfiguration;
			buildSettings = {
				ALWAYS_EMBED_SWIFT_STANDARD_LIBRARIES = YES;
				BUNDLE_LOADER = "$(TEST_HOST)";
				CODE_SIGN_STYLE = Automatic;
				CURRENT_PROJECT_VERSION = 1;
				GENERATE_INFOPLIST_FILE = YES;
				IPHONEOS_DEPLOYMENT_TARGET = 15.2;
				MARKETING_VERSION = 1.0;
				PRODUCT_BUNDLE_IDENTIFIER = com.app.AppIconDemoTests;
				PRODUCT_NAME = "$(TARGET_NAME)";
				SWIFT_EMIT_LOC_STRINGS = NO;
				SWIFT_VERSION = 5.0;
				TARGETED_DEVICE_FAMILY = "1,2";
				TEST_HOST = "$(BUILT_PRODUCTS_DIR)/AppIconDemo.app/AppIconDemo";
			};
			name = Debug;
		};
		6DE0B7D02774420000F38C4B /* Release */ = {
			isa = XCBuildConfiguration;
			buildSettings = {
				ALWAYS_EMBED_SWIFT_STANDARD_LIBRARIES = YES;
				BUNDLE_LOADER = "$(TEST_HOST)";
				CODE_SIGN_STYLE = Automatic;
				CURRENT_PROJECT_VERSION = 1;
				GENERATE_INFOPLIST_FILE = YES;
				IPHONEOS_DEPLOYMENT_TARGET = 15.2;
				MARKETING_VERSION = 1.0;
				PRODUCT_BUNDLE_IDENTIFIER = com.app.AppIconDemoTests;
				PRODUCT_NAME = "$(TARGET_NAME)";
				SWIFT_EMIT_LOC_STRINGS = NO;
				SWIFT_VERSION = 5.0;
				TARGETED_DEVICE_FAMILY = "1,2";
				TEST_HOST = "$(BUILT_PRODUCTS_DIR)/AppIconDemo.app/AppIconDemo";
			};
			name = Release;
		};
		6DE0B7D22774420000F38C4B /* Debug */ = {
			isa = XCBuildConfiguration;
			buildSettings = {
				ALWAYS_EMBED_SWIFT_STANDARD_LIBRARIES = YES;
				CODE_SIGN_STYLE = Automatic;
				CURRENT_PROJECT_VERSION = 1;
				GENERATE_INFOPLIST_FILE = YES;
				MARKETING_VERSION = 1.0;
				PRODUCT_BUNDLE_IDENTIFIER = com.app.AppIconDemoUITests;
				PRODUCT_NAME = "$(TARGET_NAME)";
				SWIFT_EMIT_LOC_STRINGS = NO;
				SWIFT_VERSION = 5.0;
				TARGETED_DEVICE_FAMILY = "1,2";
				TEST_TARGET_NAME = AppIconDemo;
			};
			name = Debug;
		};
		6DE0B7D32774420000F38C4B /* Release */ = {
			isa = XCBuildConfiguration;
			buildSettings = {
				ALWAYS_EMBED_SWIFT_STANDARD_LIBRARIES = YES;
				CODE_SIGN_STYLE = Automatic;
				CURRENT_PROJECT_VERSION = 1;
				GENERATE_INFOPLIST_FILE = YES;
				MARKETING_VERSION = 1.0;
				PRODUCT_BUNDLE_IDENTIFIER = com.app.AppIconDemoUITests;
				PRODUCT_NAME = "$(TARGET_NAME)";
				SWIFT_EMIT_LOC_STRINGS = NO;
				SWIFT_VERSION = 5.0;
				TARGETED_DEVICE_FAMILY = "1,2";
				TEST_TARGET_NAME = AppIconDemo;
			};
			name = Release;
		};
/* End XCBuildConfiguration section */

/* Begin XCConfigurationList section */
		6DE0B7A22774420000F38C4B /* Build configuration list for PBXProject "AppIconDemo" */ = {
			isa = XCConfigurationList;
			buildConfigurations = (
				6DE0B7C92774420000F38C4B /* Debug */,
				6DE0B7CA2774420000F38C4B /* Release */,
			);
			defaultConfigurationIsVisible = 0;
			defaultConfigurationName = Release;
		};
		6DE0B7CB2774420000F38C4B /* Build configuration list for PBXNativeTarget "AppIconDemo" */ = {
			isa = XCConfigurationList;
			buildConfigurations = (
				6DE0B7CC2774420000F38C4B /* Debug */,
				6DE0B7CD2774420000F38C4B /* Release */,
			);
			defaultConfigurationIsVisible = 0;
			defaultConfigurationName = Release;
		};
		6DE0B7CE2774420000F38C4B /* Build configuration list for PBXNativeTarget "AppIconDemoTests" */ = {
			isa = XCConfigurationList;
			buildConfigurations = (
				6DE0B7CF2774420000F38C4B /* Debug */,
				6DE0B7D02774420000F38C4B /* Release */,
			);
			defaultConfigurationIsVisible = 0;
			defaultConfigurationName = Release;
		};
		6DE0B7D12774420000F38C4B /* Build configuration list for PBXNativeTarget "AppIconDemoUITests" */ = {
			isa = XCConfigurationList;
			buildConfigurations = (
				6DE0B7D22774420000F38C4B /* Debug */,
				6DE0B7D32774420000F38C4B /* Release */,
			);
			defaultConfigurationIsVisible = 0;
			defaultConfigurationName = Release;
		};
/* End XCConfigurationList section */
	};
	rootObject = 6DE0B79F2774420000F38C4B /* Project object */;
}
